
Microsoft Visual Studio Solution File, Format Version 12.00
# Visual Studio Version 17
VisualStudioVersion = 17.4.33103.184
MinimumVisualStudioVersion = 10.0.40219.1
Project("{FAE04EC0-301F-11D3-BF4B-00C04F79EFBC}") = "ServicePicker", "ServicePicker\ServicePicker.csproj", "{2500D2D4-AA10-4CF7-8EDB-633B40FC70BC}"
EndProject
Global
	GlobalSection(SolutionConfigurationPlatforms) = preSolution
		Debug|Any CPU = Debug|Any CPU
		Release|Any CPU = Release|Any CPU
	EndGlobalSection
	GlobalSection(ProjectConfigurationPlatforms) = postSolution
		{2500D2D4-AA10-4CF7-8EDB-633B40FC70BC}.Debug|Any CPU.ActiveCfg = Debug|Any CPU
		{2500D2D4-AA10-4CF7-8EDB-633B40FC70BC}.Debug|Any CPU.Build.0 = Debug|Any CPU
		{2500D2D4-AA10-4CF7-8EDB-633B40FC70BC}.Release|Any CPU.ActiveCfg = Release|Any CPU
		{2500D2D4-AA10-4CF7-8EDB-633B40FC70BC}.Release|Any CPU.Build.0 = Release|Any CPU
	EndGlobalSection
	GlobalSection(SolutionProperties) = preSolution
		HideSolutionNode = FALSE
	EndGlobalSection
	GlobalSection(ExtensibilityGlobals) = postSolution
		SolutionGuid = {AB43EECF-B13D-4377-988C-AAD0D33ADA74}
	EndGlobalSection
EndGlobal
